// !$*UTF8*$!
{
	archiveVersion = 1;
	classes = {
	};
	objectVersion = 50;
	objects = {

/* Begin PBXBuildFile section */
		2C93DCD42404E446008C04CF /* AppDelegate.swift in Sources */ = {isa = PBXBuildFile; fileRef = 2C93DCD32404E446008C04CF /* AppDelegate.swift */; };
		2C93DCD62404E446008C04CF /* SceneDelegate.swift in Sources */ = {isa = PBXBuildFile; fileRef = 2C93DCD52404E446008C04CF /* SceneDelegate.swift */; };
		2C93DCDD2404E447008C04CF /* Assets.xcassets in Resources */ = {isa = PBXBuildFile; fileRef = 2C93DCDC2404E447008C04CF /* Assets.xcassets */; };
		2C93DCE02404E447008C04CF /* LaunchScreen.storyboard in Resources */ = {isa = PBXBuildFile; fileRef = 2C93DCDE2404E447008C04CF /* LaunchScreen.storyboard */; };
		2C93DCE92404E5DB008C04CF /* HabitsTableViewController.swift in Sources */ = {isa = PBXBuildFile; fileRef = 2C93DCE72404E5DB008C04CF /* HabitsTableViewController.swift */; };
		2C93DCEA2404E5DB008C04CF /* HabitsTableViewController.xib in Resources */ = {isa = PBXBuildFile; fileRef = 2C93DCE82404E5DB008C04CF /* HabitsTableViewController.xib */; };
		2C93DCED2404E689008C04CF /* UIViewControllerExtensions.swift in Sources */ = {isa = PBXBuildFile; fileRef = 2C93DCEC2404E689008C04CF /* UIViewControllerExtensions.swift */; };
		2C93DCEF2404F047008C04CF /* Habit.swift in Sources */ = {isa = PBXBuildFile; fileRef = 2C93DCEE2404F047008C04CF /* Habit.swift */; };
		2C93DCF12404F149008C04CF /* DateExtensions.swift in Sources */ = {isa = PBXBuildFile; fileRef = 2C93DCF02404F149008C04CF /* DateExtensions.swift */; };
		2C93DCF42404F34C008C04CF /* HabitTableViewCell.swift in Sources */ = {isa = PBXBuildFile; fileRef = 2C93DCF22404F34C008C04CF /* HabitTableViewCell.swift */; };
		2C93DCF52404F34C008C04CF /* HabitTableViewCell.xib in Resources */ = {isa = PBXBuildFile; fileRef = 2C93DCF32404F34C008C04CF /* HabitTableViewCell.xib */; };
		2C93DCF92404F996008C04CF /* PersistenceLayer.swift in Sources */ = {isa = PBXBuildFile; fileRef = 2C93DCF82404F996008C04CF /* PersistenceLayer.swift */; };
		2CDC0ECF2405022100CB52D4 /* AddHabitViewController.swift in Sources */ = {isa = PBXBuildFile; fileRef = 2CDC0ECD2405022100CB52D4 /* AddHabitViewController.swift */; };
		2CDC0ED02405022100CB52D4 /* AddHabitViewController.xib in Resources */ = {isa = PBXBuildFile; fileRef = 2CDC0ECE2405022100CB52D4 /* AddHabitViewController.xib */; };
		2CDC0ED32405073600CB52D4 /* HabitImageCollectionViewCell.swift in Sources */ = {isa = PBXBuildFile; fileRef = 2CDC0ED12405073600CB52D4 /* HabitImageCollectionViewCell.swift */; };
		2CDC0ED42405073600CB52D4 /* HabitImageCollectionViewCell.xib in Resources */ = {isa = PBXBuildFile; fileRef = 2CDC0ED22405073600CB52D4 /* HabitImageCollectionViewCell.xib */; };
		2CDC0ED72405132300CB52D4 /* AddHabitViewController2.swift in Sources */ = {isa = PBXBuildFile; fileRef = 2CDC0ED52405132300CB52D4 /* AddHabitViewController2.swift */; };
		2CDC0ED82405132300CB52D4 /* AddHabitViewController2.xib in Resources */ = {isa = PBXBuildFile; fileRef = 2CDC0ED62405132300CB52D4 /* AddHabitViewController2.xib */; };
		2CEED2122405AF0E002CE7AB /* ConfirmHabitViewController.swift in Sources */ = {isa = PBXBuildFile; fileRef = 2CEED2102405AF0E002CE7AB /* ConfirmHabitViewController.swift */; };
		2CEED2132405AF0E002CE7AB /* ConfirmHabitViewController.xib in Resources */ = {isa = PBXBuildFile; fileRef = 2CEED2112405AF0E002CE7AB /* ConfirmHabitViewController.xib */; };
		2CEED2162405BB78002CE7AB /* HabitDetailedViewController.swift in Sources */ = {isa = PBXBuildFile; fileRef = 2CEED2142405BB78002CE7AB /* HabitDetailedViewController.swift */; };
		2CEED2172405BB78002CE7AB /* HabitDetailedViewController.xib in Resources */ = {isa = PBXBuildFile; fileRef = 2CEED2152405BB78002CE7AB /* HabitDetailedViewController.xib */; };
/* End PBXBuildFile section */

/* Begin PBXFileReference section */
		2C93DCD02404E446008C04CF /* Habitual.app */ = {isa = PBXFileReference; explicitFileType = wrapper.application; includeInIndex = 0; path = Habitual.app; sourceTree = BUILT_PRODUCTS_DIR; };
		2C93DCD32404E446008C04CF /* AppDelegate.swift */ = {isa = PBXFileReference; lastKnownFileType = sourcecode.swift; path = AppDelegate.swift; sourceTree = "<group>"; };
		2C93DCD52404E446008C04CF /* SceneDelegate.swift */ = {isa = PBXFileReference; lastKnownFileType = sourcecode.swift; path = SceneDelegate.swift; sourceTree = "<group>"; };
		2C93DCDC2404E447008C04CF /* Assets.xcassets */ = {isa = PBXFileReference; lastKnownFileType = folder.assetcatalog; path = Assets.xcassets; sourceTree = "<group>"; };
		2C93DCDF2404E447008C04CF /* Base */ = {isa = PBXFileReference; lastKnownFileType = file.storyboard; name = Base; path = Base.lproj/LaunchScreen.storyboard; sourceTree = "<group>"; };
		2C93DCE12404E447008C04CF /* Info.plist */ = {isa = PBXFileReference; lastKnownFileType = text.plist.xml; path = Info.plist; sourceTree = "<group>"; };
		2C93DCE72404E5DB008C04CF /* HabitsTableViewController.swift */ = {isa = PBXFileReference; lastKnownFileType = sourcecode.swift; path = HabitsTableViewController.swift; sourceTree = "<group>"; };
		2C93DCE82404E5DB008C04CF /* HabitsTableViewController.xib */ = {isa = PBXFileReference; lastKnownFileType = file.xib; path = HabitsTableViewController.xib; sourceTree = "<group>"; };
		2C93DCEC2404E689008C04CF /* UIViewControllerExtensions.swift */ = {isa = PBXFileReference; lastKnownFileType = sourcecode.swift; path = UIViewControllerExtensions.swift; sourceTree = "<group>"; };
		2C93DCEE2404F047008C04CF /* Habit.swift */ = {isa = PBXFileReference; lastKnownFileType = sourcecode.swift; path = Habit.swift; sourceTree = "<group>"; };
		2C93DCF02404F149008C04CF /* DateExtensions.swift */ = {isa = PBXFileReference; lastKnownFileType = sourcecode.swift; path = DateExtensions.swift; sourceTree = "<group>"; };
		2C93DCF22404F34C008C04CF /* HabitTableViewCell.swift */ = {isa = PBXFileReference; lastKnownFileType = sourcecode.swift; path = HabitTableViewCell.swift; sourceTree = "<group>"; };
		2C93DCF32404F34C008C04CF /* HabitTableViewCell.xib */ = {isa = PBXFileReference; lastKnownFileType = file.xib; path = HabitTableViewCell.xib; sourceTree = "<group>"; };
		2C93DCF82404F996008C04CF /* PersistenceLayer.swift */ = {isa = PBXFileReference; lastKnownFileType = sourcecode.swift; path = PersistenceLayer.swift; sourceTree = "<group>"; };
		2CDC0ECD2405022100CB52D4 /* AddHabitViewController.swift */ = {isa = PBXFileReference; lastKnownFileType = sourcecode.swift; path = AddHabitViewController.swift; sourceTree = "<group>"; };
		2CDC0ECE2405022100CB52D4 /* AddHabitViewController.xib */ = {isa = PBXFileReference; lastKnownFileType = file.xib; path = AddHabitViewController.xib; sourceTree = "<group>"; };
		2CDC0ED12405073600CB52D4 /* HabitImageCollectionViewCell.swift */ = {isa = PBXFileReference; lastKnownFileType = sourcecode.swift; path = HabitImageCollectionViewCell.swift; sourceTree = "<group>"; };
		2CDC0ED22405073600CB52D4 /* HabitImageCollectionViewCell.xib */ = {isa = PBXFileReference; lastKnownFileType = file.xib; path = HabitImageCollectionViewCell.xib; sourceTree = "<group>"; };
		2CDC0ED52405132300CB52D4 /* AddHabitViewController2.swift */ = {isa = PBXFileReference; lastKnownFileType = sourcecode.swift; path = AddHabitViewController2.swift; sourceTree = "<group>"; };
		2CDC0ED62405132300CB52D4 /* AddHabitViewController2.xib */ = {isa = PBXFileReference; lastKnownFileType = file.xib; path = AddHabitViewController2.xib; sourceTree = "<group>"; };
		2CEED2102405AF0E002CE7AB /* ConfirmHabitViewController.swift */ = {isa = PBXFileReference; lastKnownFileType = sourcecode.swift; path = ConfirmHabitViewController.swift; sourceTree = "<group>"; };
		2CEED2112405AF0E002CE7AB /* ConfirmHabitViewController.xib */ = {isa = PBXFileReference; lastKnownFileType = file.xib; path = ConfirmHabitViewController.xib; sourceTree = "<group>"; };
		2CEED2142405BB78002CE7AB /* HabitDetailedViewController.swift */ = {isa = PBXFileReference; lastKnownFileType = sourcecode.swift; path = HabitDetailedViewController.swift; sourceTree = "<group>"; };
		2CEED2152405BB78002CE7AB /* HabitDetailedViewController.xib */ = {isa = PBXFileReference; lastKnownFileType = file.xib; path = HabitDetailedViewController.xib; sourceTree = "<group>"; };
/* End PBXFileReference section */

/* Begin PBXFrameworksBuildPhase section */
		2C93DCCD2404E446008C04CF /* Frameworks */ = {
			isa = PBXFrameworksBuildPhase;
			buildActionMask = 2147483647;
			files = (
			);
			runOnlyForDeploymentPostprocessing = 0;
		};
/* End PBXFrameworksBuildPhase section */

/* Begin PBXGroup section */
		2C93DCC72404E445008C04CF = {
			isa = PBXGroup;
			children = (
				2C93DCD22404E446008C04CF /* Habitual */,
				2C93DCD12404E446008C04CF /* Products */,
			);
			sourceTree = "<group>";
		};
		2C93DCD12404E446008C04CF /* Products */ = {
			isa = PBXGroup;
			children = (
				2C93DCD02404E446008C04CF /* Habitual.app */,
			);
			name = Products;
			sourceTree = "<group>";
		};
		2C93DCD22404E446008C04CF /* Habitual */ = {
			isa = PBXGroup;
			children = (
				2C93DCFC2404F9CB008C04CF /* Model */,
				2C93DCFB2404F9B9008C04CF /* Controller */,
				2C93DCD32404E446008C04CF /* AppDelegate.swift */,
				2C93DCD52404E446008C04CF /* SceneDelegate.swift */,
				2C93DCEC2404E689008C04CF /* UIViewControllerExtensions.swift */,
				2C93DCF82404F996008C04CF /* PersistenceLayer.swift */,
				2C93DCEB2404E5F8008C04CF /* Views */,
				2C93DCDC2404E447008C04CF /* Assets.xcassets */,
				2C93DCDE2404E447008C04CF /* LaunchScreen.storyboard */,
				2C93DCE12404E447008C04CF /* Info.plist */,
			);
			path = Habitual;
			sourceTree = "<group>";
		};
		2C93DCEB2404E5F8008C04CF /* Views */ = {
			isa = PBXGroup;
			children = (
				2CDC0ECD2405022100CB52D4 /* AddHabitViewController.swift */,
				2CDC0ECE2405022100CB52D4 /* AddHabitViewController.xib */,
				2CDC0ED52405132300CB52D4 /* AddHabitViewController2.swift */,
				2CDC0ED62405132300CB52D4 /* AddHabitViewController2.xib */,
				2CDC0ED12405073600CB52D4 /* HabitImageCollectionViewCell.swift */,
				2CDC0ED22405073600CB52D4 /* HabitImageCollectionViewCell.xib */,
				2C93DCE72404E5DB008C04CF /* HabitsTableViewController.swift */,
				2C93DCE82404E5DB008C04CF /* HabitsTableViewController.xib */,
				2C93DCF22404F34C008C04CF /* HabitTableViewCell.swift */,
				2C93DCF32404F34C008C04CF /* HabitTableViewCell.xib */,
				2C93DCEE2404F047008C04CF /* Habit.swift */,
				2C93DCF02404F149008C04CF /* DateExtensions.swift */,
				2CEED2102405AF0E002CE7AB /* ConfirmHabitViewController.swift */,
				2CEED2112405AF0E002CE7AB /* ConfirmHabitViewController.xib */,
				2CEED2142405BB78002CE7AB /* HabitDetailedViewController.swift */,
				2CEED2152405BB78002CE7AB /* HabitDetailedViewController.xib */,
			);
			path = Views;
			sourceTree = "<group>";
		};
		2C93DCFB2404F9B9008C04CF /* Controller */ = {
			isa = PBXGroup;
			children = (
			);
			path = Controller;
			sourceTree = "<group>";
		};
		2C93DCFC2404F9CB008C04CF /* Model */ = {
			isa = PBXGroup;
			children = (
			);
			path = Model;
			sourceTree = "<group>";
		};
/* End PBXGroup section */

/* Begin PBXNativeTarget section */
		2C93DCCF2404E446008C04CF /* Habitual */ = {
			isa = PBXNativeTarget;
			buildConfigurationList = 2C93DCE42404E447008C04CF /* Build configuration list for PBXNativeTarget "Habitual" */;
			buildPhases = (
				2C93DCCC2404E446008C04CF /* Sources */,
				2C93DCCD2404E446008C04CF /* Frameworks */,
				2C93DCCE2404E446008C04CF /* Resources */,
			);
			buildRules = (
			);
			dependencies = (
			);
			name = Habitual;
			productName = Habitual;
			productReference = 2C93DCD02404E446008C04CF /* Habitual.app */;
			productType = "com.apple.product-type.application";
		};
/* End PBXNativeTarget section */

/* Begin PBXProject section */
		2C93DCC82404E445008C04CF /* Project object */ = {
			isa = PBXProject;
			attributes = {
				LastSwiftUpdateCheck = 1130;
				LastUpgradeCheck = 1130;
				ORGANIZATIONNAME = "Make School";
				TargetAttributes = {
					2C93DCCF2404E446008C04CF = {
						CreatedOnToolsVersion = 11.3.1;
					};
				};
			};
			buildConfigurationList = 2C93DCCB2404E445008C04CF /* Build configuration list for PBXProject "Habitual" */;
			compatibilityVersion = "Xcode 9.3";
			developmentRegion = en;
			hasScannedForEncodings = 0;
			knownRegions = (
				en,
				Base,
			);
			mainGroup = 2C93DCC72404E445008C04CF;
			productRefGroup = 2C93DCD12404E446008C04CF /* Products */;
			projectDirPath = "";
			projectRoot = "";
			targets = (
				2C93DCCF2404E446008C04CF /* Habitual */,
			);
		};
/* End PBXProject section */

/* Begin PBXResourcesBuildPhase section */
		2C93DCCE2404E446008C04CF /* Resources */ = {
			isa = PBXResourcesBuildPhase;
			buildActionMask = 2147483647;
			files = (
				2CEED2172405BB78002CE7AB /* HabitDetailedViewController.xib in Resources */,
				2C93DCE02404E447008C04CF /* LaunchScreen.storyboard in Resources */,
				2CDC0ED02405022100CB52D4 /* AddHabitViewController.xib in Resources */,
				2C93DCEA2404E5DB008C04CF /* HabitsTableViewController.xib in Resources */,
				2C93DCF52404F34C008C04CF /* HabitTableViewCell.xib in Resources */,
				2CEED2132405AF0E002CE7AB /* ConfirmHabitViewController.xib in Resources */,
				2CDC0ED42405073600CB52D4 /* HabitImageCollectionViewCell.xib in Resources */,
				2C93DCDD2404E447008C04CF /* Assets.xcassets in Resources */,
				2CDC0ED82405132300CB52D4 /* AddHabitViewController2.xib in Resources */,
			);
			runOnlyForDeploymentPostprocessing = 0;
		};
/* End PBXResourcesBuildPhase section */

/* Begin PBXSourcesBuildPhase section */
		2C93DCCC2404E446008C04CF /* Sources */ = {
			isa = PBXSourcesBuildPhase;
			buildActionMask = 2147483647;
			files = (
				2C93DCED2404E689008C04CF /* UIViewControllerExtensions.swift in Sources */,
				2C93DCEF2404F047008C04CF /* Habit.swift in Sources */,
				2C93DCD42404E446008C04CF /* AppDelegate.swift in Sources */,
				2C93DCF92404F996008C04CF /* PersistenceLayer.swift in Sources */,
				2C93DCD62404E446008C04CF /* SceneDelegate.swift in Sources */,
				2C93DCE92404E5DB008C04CF /* HabitsTableViewController.swift in Sources */,
				2C93DCF42404F34C008C04CF /* HabitTableViewCell.swift in Sources */,
				2CDC0ED72405132300CB52D4 /* AddHabitViewController2.swift in Sources */,
				2CEED2122405AF0E002CE7AB /* ConfirmHabitViewController.swift in Sources */,
				2CDC0ED32405073600CB52D4 /* HabitImageCollectionViewCell.swift in Sources */,
				2CDC0ECF2405022100CB52D4 /* AddHabitViewController.swift in Sources */,
				2CEED2162405BB78002CE7AB /* HabitDetailedViewController.swift in Sources */,
				2C93DCF12404F149008C04CF /* DateExtensions.swift in Sources */,
			);
			runOnlyForDeploymentPostprocessing = 0;
		};
/* End PBXSourcesBuildPhase section */

/* Begin PBXVariantGroup section */
		2C93DCDE2404E447008C04CF /* LaunchScreen.storyboard */ = {
			isa = PBXVariantGroup;
			children = (
				2C93DCDF2404E447008C04CF /* Base */,
			);
			name = LaunchScreen.storyboard;
			sourceTree = "<group>";
		};
/* End PBXVariantGroup section */

/* Begin XCBuildConfiguration section */
		2C93DCE22404E447008C04CF /* Debug */ = {
			isa = XCBuildConfiguration;
			buildSettings = {
				ALWAYS_SEARCH_USER_PATHS = NO;
				CLANG_ANALYZER_NONNULL = YES;
				CLANG_ANALYZER_NUMBER_OBJECT_CONVERSION = YES_AGGRESSIVE;
				CLANG_CXX_LANGUAGE_STANDARD = "gnu++14";
				CLANG_CXX_LIBRARY = "libc++";
				CLANG_ENABLE_MODULES = YES;
				CLANG_ENABLE_OBJC_ARC = YES;
				CLANG_ENABLE_OBJC_WEAK = YES;
				CLANG_WARN_BLOCK_CAPTURE_AUTORELEASING = YES;
				CLANG_WARN_BOOL_CONVERSION = YES;
				CLANG_WARN_COMMA = YES;
				CLANG_WARN_CONSTANT_CONVERSION = YES;
				CLANG_WARN_DEPRECATED_OBJC_IMPLEMENTATIONS = YES;
				CLANG_WARN_DIRECT_OBJC_ISA_USAGE = YES_ERROR;
				CLANG_WARN_DOCUMENTATION_COMMENTS = YES;
				CLANG_WARN_EMPTY_BODY = YES;
				CLANG_WARN_ENUM_CONVERSION = YES;
				CLANG_WARN_INFINITE_RECURSION = YES;
				CLANG_WARN_INT_CONVERSION = YES;
				CLANG_WARN_NON_LITERAL_NULL_CONVERSION = YES;
				CLANG_WARN_OBJC_IMPLICIT_RETAIN_SELF = YES;
				CLANG_WARN_OBJC_LITERAL_CONVERSION = YES;
				CLANG_WARN_OBJC_ROOT_CLASS = YES_ERROR;
				CLANG_WARN_RANGE_LOOP_ANALYSIS = YES;
				CLANG_WARN_STRICT_PROTOTYPES = YES;
				CLANG_WARN_SUSPICIOUS_MOVE = YES;
				CLANG_WARN_UNGUARDED_AVAILABILITY = YES_AGGRESSIVE;
				CLANG_WARN_UNREACHABLE_CODE = YES;
				CLANG_WARN__DUPLICATE_METHOD_MATCH = YES;
				COPY_PHASE_STRIP = NO;
				DEBUG_INFORMATION_FORMAT = dwarf;
				ENABLE_STRICT_OBJC_MSGSEND = YES;
				ENABLE_TESTABILITY = YES;
				GCC_C_LANGUAGE_STANDARD = gnu11;
				GCC_DYNAMIC_NO_PIC = NO;
				GCC_NO_COMMON_BLOCKS = YES;
				GCC_OPTIMIZATION_LEVEL = 0;
				GCC_PREPROCESSOR_DEFINITIONS = (
					"DEBUG=1",
					"$(inherited)",
				);
				GCC_WARN_64_TO_32_BIT_CONVERSION = YES;
				GCC_WARN_ABOUT_RETURN_TYPE = YES_ERROR;
				GCC_WARN_UNDECLARED_SELECTOR = YES;
				GCC_WARN_UNINITIALIZED_AUTOS = YES_AGGRESSIVE;
				GCC_WARN_UNUSED_FUNCTION = YES;
				GCC_WARN_UNUSED_VARIABLE = YES;
				IPHONEOS_DEPLOYMENT_TARGET = 13.2;
				MTL_ENABLE_DEBUG_INFO = INCLUDE_SOURCE;
				MTL_FAST_MATH = YES;
				ONLY_ACTIVE_ARCH = YES;
				SDKROOT = iphoneos;
				SWIFT_ACTIVE_COMPILATION_CONDITIONS = DEBUG;
				SWIFT_OPTIMIZATION_LEVEL = "-Onone";
			};
			name = Debug;
		};
		2C93DCE32404E447008C04CF /* Release */ = {
			isa = XCBuildConfiguration;
			buildSettings = {
				ALWAYS_SEARCH_USER_PATHS = NO;
				CLANG_ANALYZER_NONNULL = YES;
				CLANG_ANALYZER_NUMBER_OBJECT_CONVERSION = YES_AGGRESSIVE;
				CLANG_CXX_LANGUAGE_STANDARD = "gnu++14";
				CLANG_CXX_LIBRARY = "libc++";
				CLANG_ENABLE_MODULES = YES;
				CLANG_ENABLE_OBJC_ARC = YES;
				CLANG_ENABLE_OBJC_WEAK = YES;
				CLANG_WARN_BLOCK_CAPTURE_AUTORELEASING = YES;
				CLANG_WARN_BOOL_CONVERSION = YES;
				CLANG_WARN_COMMA = YES;
				CLANG_WARN_CONSTANT_CONVERSION = YES;
				CLANG_WARN_DEPRECATED_OBJC_IMPLEMENTATIONS = YES;
				CLANG_WARN_DIRECT_OBJC_ISA_USAGE = YES_ERROR;
				CLANG_WARN_DOCUMENTATION_COMMENTS = YES;
				CLANG_WARN_EMPTY_BODY = YES;
				CLANG_WARN_ENUM_CONVERSION = YES;
				CLANG_WARN_INFINITE_RECURSION = YES;
				CLANG_WARN_INT_CONVERSION = YES;
				CLANG_WARN_NON_LITERAL_NULL_CONVERSION = YES;
				CLANG_WARN_OBJC_IMPLICIT_RETAIN_SELF = YES;
				CLANG_WARN_OBJC_LITERAL_CONVERSION = YES;
				CLANG_WARN_OBJC_ROOT_CLASS = YES_ERROR;
				CLANG_WARN_RANGE_LOOP_ANALYSIS = YES;
				CLANG_WARN_STRICT_PROTOTYPES = YES;
				CLANG_WARN_SUSPICIOUS_MOVE = YES;
				CLANG_WARN_UNGUARDED_AVAILABILITY = YES_AGGRESSIVE;
				CLANG_WARN_UNREACHABLE_CODE = YES;
				CLANG_WARN__DUPLICATE_METHOD_MATCH = YES;
				COPY_PHASE_STRIP = NO;
				DEBUG_INFORMATION_FORMAT = "dwarf-with-dsym";
				ENABLE_NS_ASSERTIONS = NO;
				ENABLE_STRICT_OBJC_MSGSEND = YES;
				GCC_C_LANGUAGE_STANDARD = gnu11;
				GCC_NO_COMMON_BLOCKS = YES;
				GCC_WARN_64_TO_32_BIT_CONVERSION = YES;
				GCC_WARN_ABOUT_RETURN_TYPE = YES_ERROR;
				GCC_WARN_UNDECLARED_SELECTOR = YES;
				GCC_WARN_UNINITIALIZED_AUTOS = YES_AGGRESSIVE;
				GCC_WARN_UNUSED_FUNCTION = YES;
				GCC_WARN_UNUSED_VARIABLE = YES;
				IPHONEOS_DEPLOYMENT_TARGET = 13.2;
				MTL_ENABLE_DEBUG_INFO = NO;
				MTL_FAST_MATH = YES;
				SDKROOT = iphoneos;
				SWIFT_COMPILATION_MODE = wholemodule;
				SWIFT_OPTIMIZATION_LEVEL = "-O";
				VALIDATE_PRODUCT = YES;
			};
			name = Release;
		};
		2C93DCE52404E447008C04CF /* Debug */ = {
			isa = XCBuildConfiguration;
			buildSettings = {
				ASSETCATALOG_COMPILER_APPICON_NAME = AppIcon;
				CODE_SIGN_STYLE = Automatic;
				INFOPLIST_FILE = Habitual/Info.plist;
				LD_RUNPATH_SEARCH_PATHS = (
					"$(inherited)",
					"@executable_path/Frameworks",
				);
				PRODUCT_BUNDLE_IDENTIFIER = com.makeschool.Habitual;
				PRODUCT_NAME = "$(TARGET_NAME)";
				SWIFT_VERSION = 5.0;
				TARGETED_DEVICE_FAMILY = "1,2";
			};
			name = Debug;
		};
		2C93DCE62404E447008C04CF /* Release */ = {
			isa = XCBuildConfiguration;
			buildSettings = {
				ASSETCATALOG_COMPILER_APPICON_NAME = AppIcon;
				CODE_SIGN_STYLE = Automatic;
				INFOPLIST_FILE = Habitual/Info.plist;
				LD_RUNPATH_SEARCH_PATHS = (
					"$(inherited)",
					"@executable_path/Frameworks",
				);
				PRODUCT_BUNDLE_IDENTIFIER = com.makeschool.Habitual;
				PRODUCT_NAME = "$(TARGET_NAME)";
				SWIFT_VERSION = 5.0;
				TARGETED_DEVICE_FAMILY = "1,2";
			};
			name = Release;
		};
/* End XCBuildConfiguration section */

/* Begin XCConfigurationList section */
		2C93DCCB2404E445008C04CF /* Build configuration list for PBXProject "Habitual" */ = {
			isa = XCConfigurationList;
			buildConfigurations = (
				2C93DCE22404E447008C04CF /* Debug */,
				2C93DCE32404E447008C04CF /* Release */,
			);
			defaultConfigurationIsVisible = 0;
			defaultConfigurationName = Release;
		};
		2C93DCE42404E447008C04CF /* Build configuration list for PBXNativeTarget "Habitual" */ = {
			isa = XCConfigurationList;
			buildConfigurations = (
				2C93DCE52404E447008C04CF /* Debug */,
				2C93DCE62404E447008C04CF /* Release */,
			);
			defaultConfigurationIsVisible = 0;
			defaultConfigurationName = Release;
		};
/* End XCConfigurationList section */
	};
	rootObject = 2C93DCC82404E445008C04CF /* Project object */;
}
